// !$*UTF8*$!
{
	archiveVersion = 1;
	classes = {
	};
	objectVersion = 55;
	objects = {

/* Begin PBXBuildFile section */
		9150E774298D6DC800650AAF /* AppDelegate.swift in Sources */ = {isa = PBXBuildFile; fileRef = 9150E773298D6DC800650AAF /* AppDelegate.swift */; };
		9150E776298D6DC800650AAF /* SceneDelegate.swift in Sources */ = {isa = PBXBuildFile; fileRef = 9150E775298D6DC800650AAF /* SceneDelegate.swift */; };
		9150E778298D6DC800650AAF /* PhotosViewController.swift in Sources */ = {isa = PBXBuildFile; fileRef = 9150E777298D6DC800650AAF /* PhotosViewController.swift */; };
		9150E77B298D6DC800650AAF /* Main.storyboard in Resources */ = {isa = PBXBuildFile; fileRef = 9150E779298D6DC800650AAF /* Main.storyboard */; };
		9150E77D298D6DC800650AAF /* Assets.xcassets in Resources */ = {isa = PBXBuildFile; fileRef = 9150E77C298D6DC800650AAF /* Assets.xcassets */; };
		9150E780298D6DC800650AAF /* LaunchScreen.storyboard in Resources */ = {isa = PBXBuildFile; fileRef = 9150E77E298D6DC800650AAF /* LaunchScreen.storyboard */; };
		9150E78B298D6DC900650AAF /* PhotoramaTests.swift in Sources */ = {isa = PBXBuildFile; fileRef = 9150E78A298D6DC900650AAF /* PhotoramaTests.swift */; };
		9150E795298D6DC900650AAF /* PhotoramaUITests.swift in Sources */ = {isa = PBXBuildFile; fileRef = 9150E794298D6DC900650AAF /* PhotoramaUITests.swift */; };
		9150E797298D6DC900650AAF /* PhotoramaUITestsLaunchTests.swift in Sources */ = {isa = PBXBuildFile; fileRef = 9150E796298D6DC900650AAF /* PhotoramaUITestsLaunchTests.swift */; };
		9150E7A4298D739500650AAF /* FlickrAPI.swift in Sources */ = {isa = PBXBuildFile; fileRef = 9150E7A3298D739500650AAF /* FlickrAPI.swift */; };
		9150E7A6298D961000650AAF /* PhotoStore.swift in Sources */ = {isa = PBXBuildFile; fileRef = 9150E7A5298D961000650AAF /* PhotoStore.swift */; };
/* End PBXBuildFile section */

/* Begin PBXContainerItemProxy section */
		9150E787298D6DC800650AAF /* PBXContainerItemProxy */ = {
			isa = PBXContainerItemProxy;
			containerPortal = 9150E768298D6DC800650AAF /* Project object */;
			proxyType = 1;
			remoteGlobalIDString = 9150E76F298D6DC800650AAF;
			remoteInfo = Photorama;
		};
		9150E791298D6DC900650AAF /* PBXContainerItemProxy */ = {
			isa = PBXContainerItemProxy;
			containerPortal = 9150E768298D6DC800650AAF /* Project object */;
			proxyType = 1;
			remoteGlobalIDString = 9150E76F298D6DC800650AAF;
			remoteInfo = Photorama;
		};
/* End PBXContainerItemProxy section */

/* Begin PBXFileReference section */
		9150E770298D6DC800650AAF /* Photorama.app */ = {isa = PBXFileReference; explicitFileType = wrapper.application; includeInIndex = 0; path = Photorama.app; sourceTree = BUILT_PRODUCTS_DIR; };
		9150E773298D6DC800650AAF /* AppDelegate.swift */ = {isa = PBXFileReference; lastKnownFileType = sourcecode.swift; path = AppDelegate.swift; sourceTree = "<group>"; };
		9150E775298D6DC800650AAF /* SceneDelegate.swift */ = {isa = PBXFileReference; lastKnownFileType = sourcecode.swift; path = SceneDelegate.swift; sourceTree = "<group>"; };
		9150E777298D6DC800650AAF /* PhotosViewController.swift */ = {isa = PBXFileReference; lastKnownFileType = sourcecode.swift; path = PhotosViewController.swift; sourceTree = "<group>"; };
		9150E77A298D6DC800650AAF /* Base */ = {isa = PBXFileReference; lastKnownFileType = file.storyboard; name = Base; path = Base.lproj/Main.storyboard; sourceTree = "<group>"; };
		9150E77C298D6DC800650AAF /* Assets.xcassets */ = {isa = PBXFileReference; lastKnownFileType = folder.assetcatalog; path = Assets.xcassets; sourceTree = "<group>"; };
		9150E77F298D6DC800650AAF /* Base */ = {isa = PBXFileReference; lastKnownFileType = file.storyboard; name = Base; path = Base.lproj/LaunchScreen.storyboard; sourceTree = "<group>"; };
		9150E781298D6DC800650AAF /* Info.plist */ = {isa = PBXFileReference; lastKnownFileType = text.plist.xml; path = Info.plist; sourceTree = "<group>"; };
		9150E786298D6DC800650AAF /* PhotoramaTests.xctest */ = {isa = PBXFileReference; explicitFileType = wrapper.cfbundle; includeInIndex = 0; path = PhotoramaTests.xctest; sourceTree = BUILT_PRODUCTS_DIR; };
		9150E78A298D6DC900650AAF /* PhotoramaTests.swift */ = {isa = PBXFileReference; lastKnownFileType = sourcecode.swift; path = PhotoramaTests.swift; sourceTree = "<group>"; };
		9150E790298D6DC900650AAF /* PhotoramaUITests.xctest */ = {isa = PBXFileReference; explicitFileType = wrapper.cfbundle; includeInIndex = 0; path = PhotoramaUITests.xctest; sourceTree = BUILT_PRODUCTS_DIR; };
		9150E794298D6DC900650AAF /* PhotoramaUITests.swift */ = {isa = PBXFileReference; lastKnownFileType = sourcecode.swift; path = PhotoramaUITests.swift; sourceTree = "<group>"; };
		9150E796298D6DC900650AAF /* PhotoramaUITestsLaunchTests.swift */ = {isa = PBXFileReference; lastKnownFileType = sourcecode.swift; path = PhotoramaUITestsLaunchTests.swift; sourceTree = "<group>"; };
		9150E7A3298D739500650AAF /* FlickrAPI.swift */ = {isa = PBXFileReference; lastKnownFileType = sourcecode.swift; path = FlickrAPI.swift; sourceTree = "<group>"; };
		9150E7A5298D961000650AAF /* PhotoStore.swift */ = {isa = PBXFileReference; lastKnownFileType = sourcecode.swift; path = PhotoStore.swift; sourceTree = "<group>"; };
/* End PBXFileReference section */

/* Begin PBXFrameworksBuildPhase section */
		9150E76D298D6DC800650AAF /* Frameworks */ = {
			isa = PBXFrameworksBuildPhase;
			buildActionMask = 2147483647;
			files = (
			);
			runOnlyForDeploymentPostprocessing = 0;
		};
		9150E783298D6DC800650AAF /* Frameworks */ = {
			isa = PBXFrameworksBuildPhase;
			buildActionMask = 2147483647;
			files = (
			);
			runOnlyForDeploymentPostprocessing = 0;
		};
		9150E78D298D6DC900650AAF /* Frameworks */ = {
			isa = PBXFrameworksBuildPhase;
			buildActionMask = 2147483647;
			files = (
			);
			runOnlyForDeploymentPostprocessing = 0;
		};
/* End PBXFrameworksBuildPhase section */

/* Begin PBXGroup section */
		9150E767298D6DC800650AAF = {
			isa = PBXGroup;
			children = (
				9150E772298D6DC800650AAF /* Photorama */,
				9150E789298D6DC900650AAF /* PhotoramaTests */,
				9150E793298D6DC900650AAF /* PhotoramaUITests */,
				9150E771298D6DC800650AAF /* Products */,
			);
			sourceTree = "<group>";
		};
		9150E771298D6DC800650AAF /* Products */ = {
			isa = PBXGroup;
			children = (
				9150E770298D6DC800650AAF /* Photorama.app */,
				9150E786298D6DC800650AAF /* PhotoramaTests.xctest */,
				9150E790298D6DC900650AAF /* PhotoramaUITests.xctest */,
			);
			name = Products;
			sourceTree = "<group>";
		};
		9150E772298D6DC800650AAF /* Photorama */ = {
			isa = PBXGroup;
			children = (
				9150E773298D6DC800650AAF /* AppDelegate.swift */,
				9150E775298D6DC800650AAF /* SceneDelegate.swift */,
				9150E777298D6DC800650AAF /* PhotosViewController.swift */,
				9150E779298D6DC800650AAF /* Main.storyboard */,
				9150E7A3298D739500650AAF /* FlickrAPI.swift */,
				9150E7A5298D961000650AAF /* PhotoStore.swift */,
				9150E77C298D6DC800650AAF /* Assets.xcassets */,
				9150E77E298D6DC800650AAF /* LaunchScreen.storyboard */,
				9150E781298D6DC800650AAF /* Info.plist */,
			);
			path = Photorama;
			sourceTree = "<group>";
		};
		9150E789298D6DC900650AAF /* PhotoramaTests */ = {
			isa = PBXGroup;
			children = (
				9150E78A298D6DC900650AAF /* PhotoramaTests.swift */,
			);
			path = PhotoramaTests;
			sourceTree = "<group>";
		};
		9150E793298D6DC900650AAF /* PhotoramaUITests */ = {
			isa = PBXGroup;
			children = (
				9150E794298D6DC900650AAF /* PhotoramaUITests.swift */,
				9150E796298D6DC900650AAF /* PhotoramaUITestsLaunchTests.swift */,
			);
			path = PhotoramaUITests;
			sourceTree = "<group>";
		};
/* End PBXGroup section */

/* Begin PBXNativeTarget section */
		9150E76F298D6DC800650AAF /* Photorama */ = {
			isa = PBXNativeTarget;
			buildConfigurationList = 9150E79A298D6DC900650AAF /* Build configuration list for PBXNativeTarget "Photorama" */;
			buildPhases = (
				9150E76C298D6DC800650AAF /* Sources */,
				9150E76D298D6DC800650AAF /* Frameworks */,
				9150E76E298D6DC800650AAF /* Resources */,
			);
			buildRules = (
			);
			dependencies = (
			);
			name = Photorama;
			productName = Photorama;
			productReference = 9150E770298D6DC800650AAF /* Photorama.app */;
			productType = "com.apple.product-type.application";
		};
		9150E785298D6DC800650AAF /* PhotoramaTests */ = {
			isa = PBXNativeTarget;
			buildConfigurationList = 9150E79D298D6DC900650AAF /* Build configuration list for PBXNativeTarget "PhotoramaTests" */;
			buildPhases = (
				9150E782298D6DC800650AAF /* Sources */,
				9150E783298D6DC800650AAF /* Frameworks */,
				9150E784298D6DC800650AAF /* Resources */,
			);
			buildRules = (
			);
			dependencies = (
				9150E788298D6DC800650AAF /* PBXTargetDependency */,
			);
			name = PhotoramaTests;
			productName = PhotoramaTests;
			productReference = 9150E786298D6DC800650AAF /* PhotoramaTests.xctest */;
			productType = "com.apple.product-type.bundle.unit-test";
		};
		9150E78F298D6DC900650AAF /* PhotoramaUITests */ = {
			isa = PBXNativeTarget;
			buildConfigurationList = 9150E7A0298D6DC900650AAF /* Build configuration list for PBXNativeTarget "PhotoramaUITests" */;
			buildPhases = (
				9150E78C298D6DC900650AAF /* Sources */,
				9150E78D298D6DC900650AAF /* Frameworks */,
				9150E78E298D6DC900650AAF /* Resources */,
			);
			buildRules = (
			);
			dependencies = (
				9150E792298D6DC900650AAF /* PBXTargetDependency */,
			);
			name = PhotoramaUITests;
			productName = PhotoramaUITests;
			productReference = 9150E790298D6DC900650AAF /* PhotoramaUITests.xctest */;
			productType = "com.apple.product-type.bundle.ui-testing";
		};
/* End PBXNativeTarget section */

/* Begin PBXProject section */
		9150E768298D6DC800650AAF /* Project object */ = {
			isa = PBXProject;
			attributes = {
				BuildIndependentTargetsInParallel = 1;
				LastSwiftUpdateCheck = 1300;
				LastUpgradeCheck = 1300;
				TargetAttributes = {
					9150E76F298D6DC800650AAF = {
						CreatedOnToolsVersion = 13.0;
					};
					9150E785298D6DC800650AAF = {
						CreatedOnToolsVersion = 13.0;
						TestTargetID = 9150E76F298D6DC800650AAF;
					};
					9150E78F298D6DC900650AAF = {
						CreatedOnToolsVersion = 13.0;
						TestTargetID = 9150E76F298D6DC800650AAF;
					};
				};
			};
			buildConfigurationList = 9150E76B298D6DC800650AAF /* Build configuration list for PBXProject "Photorama" */;
			compatibilityVersion = "Xcode 13.0";
			developmentRegion = en;
			hasScannedForEncodings = 0;
			knownRegions = (
				en,
				Base,
			);
			mainGroup = 9150E767298D6DC800650AAF;
			productRefGroup = 9150E771298D6DC800650AAF /* Products */;
			projectDirPath = "";
			projectRoot = "";
			targets = (
				9150E76F298D6DC800650AAF /* Photorama */,
				9150E785298D6DC800650AAF /* PhotoramaTests */,
				9150E78F298D6DC900650AAF /* PhotoramaUITests */,
			);
		};
/* End PBXProject section */

/* Begin PBXResourcesBuildPhase section */
		9150E76E298D6DC800650AAF /* Resources */ = {
			isa = PBXResourcesBuildPhase;
			buildActionMask = 2147483647;
			files = (
				9150E780298D6DC800650AAF /* LaunchScreen.storyboard in Resources */,
				9150E77D298D6DC800650AAF /* Assets.xcassets in Resources */,
				9150E77B298D6DC800650AAF /* Main.storyboard in Resources */,
			);
			runOnlyForDeploymentPostprocessing = 0;
		};
		9150E784298D6DC800650AAF /* Resources */ = {
			isa = PBXResourcesBuildPhase;
			buildActionMask = 2147483647;
			files = (
			);
			runOnlyForDeploymentPostprocessing = 0;
		};
		9150E78E298D6DC900650AAF /* Resources */ = {
			isa = PBXResourcesBuildPhase;
			buildActionMask = 2147483647;
			files = (
			);
			runOnlyForDeploymentPostprocessing = 0;
		};
/* End PBXResourcesBuildPhase section */

/* Begin PBXSourcesBuildPhase section */
		9150E76C298D6DC800650AAF /* Sources */ = {
			isa = PBXSourcesBuildPhase;
			buildActionMask = 2147483647;
			files = (
				9150E7A6298D961000650AAF /* PhotoStore.swift in Sources */,
				9150E778298D6DC800650AAF /* PhotosViewController.swift in Sources */,
				9150E774298D6DC800650AAF /* AppDelegate.swift in Sources */,
				9150E776298D6DC800650AAF /* SceneDelegate.swift in Sources */,
				9150E7A4298D739500650AAF /* FlickrAPI.swift in Sources */,
			);
			runOnlyForDeploymentPostprocessing = 0;
		};
		9150E782298D6DC800650AAF /* Sources */ = {
			isa = PBXSourcesBuildPhase;
			buildActionMask = 2147483647;
			files = (
				9150E78B298D6DC900650AAF /* PhotoramaTests.swift in Sources */,
			);
			runOnlyForDeploymentPostprocessing = 0;
		};
		9150E78C298D6DC900650AAF /* Sources */ = {
			isa = PBXSourcesBuildPhase;
			buildActionMask = 2147483647;
			files = (
				9150E797298D6DC900650AAF /* PhotoramaUITestsLaunchTests.swift in Sources */,
				9150E795298D6DC900650AAF /* PhotoramaUITests.swift in Sources */,
			);
			runOnlyForDeploymentPostprocessing = 0;
		};
/* End PBXSourcesBuildPhase section */

/* Begin PBXTargetDependency section */
		9150E788298D6DC800650AAF /* PBXTargetDependency */ = {
			isa = PBXTargetDependency;
			target = 9150E76F298D6DC800650AAF /* Photorama */;
			targetProxy = 9150E787298D6DC800650AAF /* PBXContainerItemProxy */;
		};
		9150E792298D6DC900650AAF /* PBXTargetDependency */ = {
			isa = PBXTargetDependency;
			target = 9150E76F298D6DC800650AAF /* Photorama */;
			targetProxy = 9150E791298D6DC900650AAF /* PBXContainerItemProxy */;
		};
/* End PBXTargetDependency section */

/* Begin PBXVariantGroup section */
		9150E779298D6DC800650AAF /* Main.storyboard */ = {
			isa = PBXVariantGroup;
			children = (
				9150E77A298D6DC800650AAF /* Base */,
			);
			name = Main.storyboard;
			sourceTree = "<group>";
		};
		9150E77E298D6DC800650AAF /* LaunchScreen.storyboard */ = {
			isa = PBXVariantGroup;
			children = (
				9150E77F298D6DC800650AAF /* Base */,
			);
			name = LaunchScreen.storyboard;
			sourceTree = "<group>";
		};
/* End PBXVariantGroup section */

/* Begin XCBuildConfiguration section */
		9150E798298D6DC900650AAF /* Debug */ = {
			isa = XCBuildConfiguration;
			buildSettings = {
				ALWAYS_SEARCH_USER_PATHS = NO;
				CLANG_ANALYZER_NONNULL = YES;
				CLANG_ANALYZER_NUMBER_OBJECT_CONVERSION = YES_AGGRESSIVE;
				CLANG_CXX_LANGUAGE_STANDARD = "gnu++17";
				CLANG_CXX_LIBRARY = "libc++";
				CLANG_ENABLE_MODULES = YES;
				CLANG_ENABLE_OBJC_ARC = YES;
				CLANG_ENABLE_OBJC_WEAK = YES;
				CLANG_WARN_BLOCK_CAPTURE_AUTORELEASING = YES;
				CLANG_WARN_BOOL_CONVERSION = YES;
				CLANG_WARN_COMMA = YES;
				CLANG_WARN_CONSTANT_CONVERSION = YES;
				CLANG_WARN_DEPRECATED_OBJC_IMPLEMENTATIONS = YES;
				CLANG_WARN_DIRECT_OBJC_ISA_USAGE = YES_ERROR;
				CLANG_WARN_DOCUMENTATION_COMMENTS = YES;
				CLANG_WARN_EMPTY_BODY = YES;
				CLANG_WARN_ENUM_CONVERSION = YES;
				CLANG_WARN_INFINITE_RECURSION = YES;
				CLANG_WARN_INT_CONVERSION = YES;
				CLANG_WARN_NON_LITERAL_NULL_CONVERSION = YES;
				CLANG_WARN_OBJC_IMPLICIT_RETAIN_SELF = YES;
				CLANG_WARN_OBJC_LITERAL_CONVERSION = YES;
				CLANG_WARN_OBJC_ROOT_CLASS = YES_ERROR;
				CLANG_WARN_QUOTED_INCLUDE_IN_FRAMEWORK_HEADER = YES;
				CLANG_WARN_RANGE_LOOP_ANALYSIS = YES;
				CLANG_WARN_STRICT_PROTOTYPES = YES;
				CLANG_WARN_SUSPICIOUS_MOVE = YES;
				CLANG_WARN_UNGUARDED_AVAILABILITY = YES_AGGRESSIVE;
				CLANG_WARN_UNREACHABLE_CODE = YES;
				CLANG_WARN__DUPLICATE_METHOD_MATCH = YES;
				COPY_PHASE_STRIP = NO;
				DEBUG_INFORMATION_FORMAT = dwarf;
				ENABLE_STRICT_OBJC_MSGSEND = YES;
				ENABLE_TESTABILITY = YES;
				GCC_C_LANGUAGE_STANDARD = gnu11;
				GCC_DYNAMIC_NO_PIC = NO;
				GCC_NO_COMMON_BLOCKS = YES;
				GCC_OPTIMIZATION_LEVEL = 0;
				GCC_PREPROCESSOR_DEFINITIONS = (
					"DEBUG=1",
					"$(inherited)",
				);
				GCC_WARN_64_TO_32_BIT_CONVERSION = YES;
				GCC_WARN_ABOUT_RETURN_TYPE = YES_ERROR;
				GCC_WARN_UNDECLARED_SELECTOR = YES;
				GCC_WARN_UNINITIALIZED_AUTOS = YES_AGGRESSIVE;
				GCC_WARN_UNUSED_FUNCTION = YES;
				GCC_WARN_UNUSED_VARIABLE = YES;
				IPHONEOS_DEPLOYMENT_TARGET = 15.0;
				MTL_ENABLE_DEBUG_INFO = INCLUDE_SOURCE;
				MTL_FAST_MATH = YES;
				ONLY_ACTIVE_ARCH = YES;
				SDKROOT = iphoneos;
				SWIFT_ACTIVE_COMPILATION_CONDITIONS = DEBUG;
				SWIFT_OPTIMIZATION_LEVEL = "-Onone";
			};
			name = Debug;
		};
		9150E799298D6DC900650AAF /* Release */ = {
			isa = XCBuildConfiguration;
			buildSettings = {
				ALWAYS_SEARCH_USER_PATHS = NO;
				CLANG_ANALYZER_NONNULL = YES;
				CLANG_ANALYZER_NUMBER_OBJECT_CONVERSION = YES_AGGRESSIVE;
				CLANG_CXX_LANGUAGE_STANDARD = "gnu++17";
				CLANG_CXX_LIBRARY = "libc++";
				CLANG_ENABLE_MODULES = YES;
				CLANG_ENABLE_OBJC_ARC = YES;
				CLANG_ENABLE_OBJC_WEAK = YES;
				CLANG_WARN_BLOCK_CAPTURE_AUTORELEASING = YES;
				CLANG_WARN_BOOL_CONVERSION = YES;
				CLANG_WARN_COMMA = YES;
				CLANG_WARN_CONSTANT_CONVERSION = YES;
				CLANG_WARN_DEPRECATED_OBJC_IMPLEMENTATIONS = YES;
				CLANG_WARN_DIRECT_OBJC_ISA_USAGE = YES_ERROR;
				CLANG_WARN_DOCUMENTATION_COMMENTS = YES;
				CLANG_WARN_EMPTY_BODY = YES;
				CLANG_WARN_ENUM_CONVERSION = YES;
				CLANG_WARN_INFINITE_RECURSION = YES;
				CLANG_WARN_INT_CONVERSION = YES;
				CLANG_WARN_NON_LITERAL_NULL_CONVERSION = YES;
				CLANG_WARN_OBJC_IMPLICIT_RETAIN_SELF = YES;
				CLANG_WARN_OBJC_LITERAL_CONVERSION = YES;
				CLANG_WARN_OBJC_ROOT_CLASS = YES_ERROR;
				CLANG_WARN_QUOTED_INCLUDE_IN_FRAMEWORK_HEADER = YES;
				CLANG_WARN_RANGE_LOOP_ANALYSIS = YES;
				CLANG_WARN_STRICT_PROTOTYPES = YES;
				CLANG_WARN_SUSPICIOUS_MOVE = YES;
				CLANG_WARN_UNGUARDED_AVAILABILITY = YES_AGGRESSIVE;
				CLANG_WARN_UNREACHABLE_CODE = YES;
				CLANG_WARN__DUPLICATE_METHOD_MATCH = YES;
				COPY_PHASE_STRIP = NO;
				DEBUG_INFORMATION_FORMAT = "dwarf-with-dsym";
				ENABLE_NS_ASSERTIONS = NO;
				ENABLE_STRICT_OBJC_MSGSEND = YES;
				GCC_C_LANGUAGE_STANDARD = gnu11;
				GCC_NO_COMMON_BLOCKS = YES;
				GCC_WARN_64_TO_32_BIT_CONVERSION = YES;
				GCC_WARN_ABOUT_RETURN_TYPE = YES_ERROR;
				GCC_WARN_UNDECLARED_SELECTOR = YES;
				GCC_WARN_UNINITIALIZED_AUTOS = YES_AGGRESSIVE;
				GCC_WARN_UNUSED_FUNCTION = YES;
				GCC_WARN_UNUSED_VARIABLE = YES;
				IPHONEOS_DEPLOYMENT_TARGET = 15.0;
				MTL_ENABLE_DEBUG_INFO = NO;
				MTL_FAST_MATH = YES;
				SDKROOT = iphoneos;
				SWIFT_COMPILATION_MODE = wholemodule;
				SWIFT_OPTIMIZATION_LEVEL = "-O";
				VALIDATE_PRODUCT = YES;
			};
			name = Release;
		};
		9150E79B298D6DC900650AAF /* Debug */ = {
			isa = XCBuildConfiguration;
			buildSettings = {
				ASSETCATALOG_COMPILER_APPICON_NAME = AppIcon;
				ASSETCATALOG_COMPILER_GLOBAL_ACCENT_COLOR_NAME = AccentColor;
				CODE_SIGN_STYLE = Automatic;
				CURRENT_PROJECT_VERSION = 1;
				DEVELOPMENT_TEAM = M83TUL5J88;
				GENERATE_INFOPLIST_FILE = YES;
				INFOPLIST_FILE = Photorama/Info.plist;
				INFOPLIST_KEY_UIApplicationSupportsIndirectInputEvents = YES;
				INFOPLIST_KEY_UILaunchStoryboardName = LaunchScreen;
				INFOPLIST_KEY_UIMainStoryboardFile = Main;
				INFOPLIST_KEY_UISupportedInterfaceOrientations_iPad = "UIInterfaceOrientationPortrait UIInterfaceOrientationPortraitUpsideDown UIInterfaceOrientationLandscapeLeft UIInterfaceOrientationLandscapeRight";
				INFOPLIST_KEY_UISupportedInterfaceOrientations_iPhone = "UIInterfaceOrientationPortrait UIInterfaceOrientationLandscapeLeft UIInterfaceOrientationLandscapeRight";
				LD_RUNPATH_SEARCH_PATHS = (
					"$(inherited)",
					"@executable_path/Frameworks",
				);
				MARKETING_VERSION = 1.0;
				PRODUCT_BUNDLE_IDENTIFIER = firdavsii.majidzoda.Photorama;
				PRODUCT_NAME = "$(TARGET_NAME)";
				SWIFT_EMIT_LOC_STRINGS = YES;
				SWIFT_VERSION = 5.0;
				TARGETED_DEVICE_FAMILY = "1,2";
			};
			name = Debug;
		};
		9150E79C298D6DC900650AAF /* Release */ = {
			isa = XCBuildConfiguration;
			buildSettings = {
				ASSETCATALOG_COMPILER_APPICON_NAME = AppIcon;
				ASSETCATALOG_COMPILER_GLOBAL_ACCENT_COLOR_NAME = AccentColor;
				CODE_SIGN_STYLE = Automatic;
				CURRENT_PROJECT_VERSION = 1;
				DEVELOPMENT_TEAM = M83TUL5J88;
				GENERATE_INFOPLIST_FILE = YES;
				INFOPLIST_FILE = Photorama/Info.plist;
				INFOPLIST_KEY_UIApplicationSupportsIndirectInputEvents = YES;
				INFOPLIST_KEY_UILaunchStoryboardName = LaunchScreen;
				INFOPLIST_KEY_UIMainStoryboardFile = Main;
				INFOPLIST_KEY_UISupportedInterfaceOrientations_iPad = "UIInterfaceOrientationPortrait UIInterfaceOrientationPortraitUpsideDown UIInterfaceOrientationLandscapeLeft UIInterfaceOrientationLandscapeRight";
				INFOPLIST_KEY_UISupportedInterfaceOrientations_iPhone = "UIInterfaceOrientationPortrait UIInterfaceOrientationLandscapeLeft UIInterfaceOrientationLandscapeRight";
				LD_RUNPATH_SEARCH_PATHS = (
					"$(inherited)",
					"@executable_path/Frameworks",
				);
				MARKETING_VERSION = 1.0;
				PRODUCT_BUNDLE_IDENTIFIER = firdavsii.majidzoda.Photorama;
				PRODUCT_NAME = "$(TARGET_NAME)";
				SWIFT_EMIT_LOC_STRINGS = YES;
				SWIFT_VERSION = 5.0;
				TARGETED_DEVICE_FAMILY = "1,2";
			};
			name = Release;
		};
		9150E79E298D6DC900650AAF /* Debug */ = {
			isa = XCBuildConfiguration;
			buildSettings = {
				ALWAYS_EMBED_SWIFT_STANDARD_LIBRARIES = YES;
				BUNDLE_LOADER = "$(TEST_HOST)";
				CODE_SIGN_STYLE = Automatic;
				CURRENT_PROJECT_VERSION = 1;
				GENERATE_INFOPLIST_FILE = YES;
				IPHONEOS_DEPLOYMENT_TARGET = 15.0;
				LD_RUNPATH_SEARCH_PATHS = (
					"$(inherited)",
					"@executable_path/Frameworks",
					"@loader_path/Frameworks",
				);
				MARKETING_VERSION = 1.0;
				PRODUCT_BUNDLE_IDENTIFIER = firdavsii.majidzoda.PhotoramaTests;
				PRODUCT_NAME = "$(TARGET_NAME)";
				SWIFT_EMIT_LOC_STRINGS = NO;
				SWIFT_VERSION = 5.0;
				TARGETED_DEVICE_FAMILY = "1,2";
				TEST_HOST = "$(BUILT_PRODUCTS_DIR)/Photorama.app/Photorama";
			};
			name = Debug;
		};
		9150E79F298D6DC900650AAF /* Release */ = {
			isa = XCBuildConfiguration;
			buildSettings = {
				ALWAYS_EMBED_SWIFT_STANDARD_LIBRARIES = YES;
				BUNDLE_LOADER = "$(TEST_HOST)";
				CODE_SIGN_STYLE = Automatic;
				CURRENT_PROJECT_VERSION = 1;
				GENERATE_INFOPLIST_FILE = YES;
				IPHONEOS_DEPLOYMENT_TARGET = 15.0;
				LD_RUNPATH_SEARCH_PATHS = (
					"$(inherited)",
					"@executable_path/Frameworks",
					"@loader_path/Frameworks",
				);
				MARKETING_VERSION = 1.0;
				PRODUCT_BUNDLE_IDENTIFIER = firdavsii.majidzoda.PhotoramaTests;
				PRODUCT_NAME = "$(TARGET_NAME)";
				SWIFT_EMIT_LOC_STRINGS = NO;
				SWIFT_VERSION = 5.0;
				TARGETED_DEVICE_FAMILY = "1,2";
				TEST_HOST = "$(BUILT_PRODUCTS_DIR)/Photorama.app/Photorama";
			};
			name = Release;
		};
		9150E7A1298D6DC900650AAF /* Debug */ = {
			isa = XCBuildConfiguration;
			buildSettings = {
				ALWAYS_EMBED_SWIFT_STANDARD_LIBRARIES = YES;
				CODE_SIGN_STYLE = Automatic;
				CURRENT_PROJECT_VERSION = 1;
				GENERATE_INFOPLIST_FILE = YES;
				LD_RUNPATH_SEARCH_PATHS = (
					"$(inherited)",
					"@executable_path/Frameworks",
					"@loader_path/Frameworks",
				);
				MARKETING_VERSION = 1.0;
				PRODUCT_BUNDLE_IDENTIFIER = firdavsii.majidzoda.PhotoramaUITests;
				PRODUCT_NAME = "$(TARGET_NAME)";
				SWIFT_EMIT_LOC_STRINGS = NO;
				SWIFT_VERSION = 5.0;
				TARGETED_DEVICE_FAMILY = "1,2";
				TEST_TARGET_NAME = Photorama;
			};
			name = Debug;
		};
		9150E7A2298D6DC900650AAF /* Release */ = {
			isa = XCBuildConfiguration;
			buildSettings = {
				ALWAYS_EMBED_SWIFT_STANDARD_LIBRARIES = YES;
				CODE_SIGN_STYLE = Automatic;
				CURRENT_PROJECT_VERSION = 1;
				GENERATE_INFOPLIST_FILE = YES;
				LD_RUNPATH_SEARCH_PATHS = (
					"$(inherited)",
					"@executable_path/Frameworks",
					"@loader_path/Frameworks",
				);
				MARKETING_VERSION = 1.0;
				PRODUCT_BUNDLE_IDENTIFIER = firdavsii.majidzoda.PhotoramaUITests;
				PRODUCT_NAME = "$(TARGET_NAME)";
				SWIFT_EMIT_LOC_STRINGS = NO;
				SWIFT_VERSION = 5.0;
				TARGETED_DEVICE_FAMILY = "1,2";
				TEST_TARGET_NAME = Photorama;
			};
			name = Release;
		};
/* End XCBuildConfiguration section */

/* Begin XCConfigurationList section */
		9150E76B298D6DC800650AAF /* Build configuration list for PBXProject "Photorama" */ = {
			isa = XCConfigurationList;
			buildConfigurations = (
				9150E798298D6DC900650AAF /* Debug */,
				9150E799298D6DC900650AAF /* Release */,
			);
			defaultConfigurationIsVisible = 0;
			defaultConfigurationName = Release;
		};
		9150E79A298D6DC900650AAF /* Build configuration list for PBXNativeTarget "Photorama" */ = {
			isa = XCConfigurationList;
			buildConfigurations = (
				9150E79B298D6DC900650AAF /* Debug */,
				9150E79C298D6DC900650AAF /* Release */,
			);
			defaultConfigurationIsVisible = 0;
			defaultConfigurationName = Release;
		};
		9150E79D298D6DC900650AAF /* Build configuration list for PBXNativeTarget "PhotoramaTests" */ = {
			isa = XCConfigurationList;
			buildConfigurations = (
				9150E79E298D6DC900650AAF /* Debug */,
				9150E79F298D6DC900650AAF /* Release */,
			);
			defaultConfigurationIsVisible = 0;
			defaultConfigurationName = Release;
		};
		9150E7A0298D6DC900650AAF /* Build configuration list for PBXNativeTarget "PhotoramaUITests" */ = {
			isa = XCConfigurationList;
			buildConfigurations = (
				9150E7A1298D6DC900650AAF /* Debug */,
				9150E7A2298D6DC900650AAF /* Release */,
			);
			defaultConfigurationIsVisible = 0;
			defaultConfigurationName = Release;
		};
/* End XCConfigurationList section */
	};
	rootObject = 9150E768298D6DC800650AAF /* Project object */;
}
